
Microsoft Visual Studio Solution File, Format Version 12.00
# Visual Studio Version 17
VisualStudioVersion = 17.9.34622.214
MinimumVisualStudioVersion = 10.0.40219.1
Project("{2150E333-8FDC-42A3-9474-1A3956D46DE8}") = "src", "src", "{2FB2C163-490B-4ED7-A182-27164E8D2766}"
EndProject
Project("{54A90642-561A-4BB1-A94E-469ADEE60C69}") = "rida.NextApp", "src\rida.NextApp\rida.NextApp.esproj", "{F2C35A74-AD96-95B0-CA62-EDF195AB2DC2}"
EndProject
Project("{FAE04EC0-301F-11D3-BF4B-00C04F79EFBC}") = "rida.Api", "src\rida.Api\rida.Api.csproj", "{E55BBF9E-701D-42EF-AAB9-4C226CBD8F2A}"
EndProject
Project("{FAE04EC0-301F-11D3-BF4B-00C04F79EFBC}") = "rida.Application", "src\rida.Application\rida.Application.csproj", "{1A3E1F86-765E-42E5-ADC5-95F4851D1E7C}"
EndProject
Project("{FAE04EC0-301F-11D3-BF4B-00C04F79EFBC}") = "rida.DataAccess", "src\rida.DataAccess\rida.DataAccess.csproj", "{E3799F5F-963F-46AD-B46F-F377A7473C83}"
EndProject
Project("{FAE04EC0-301F-11D3-BF4B-00C04F79EFBC}") = "rida.Core", "src\rida.Core\rida.Core.csproj", "{0E4B3A08-0FEB-49B9-9158-DC00DCF02A4A}"
EndProject
Global
	GlobalSection(SolutionConfigurationPlatforms) = preSolution
		Debug|Any CPU = Debug|Any CPU
		Release|Any CPU = Release|Any CPU
	EndGlobalSection
	GlobalSection(ProjectConfigurationPlatforms) = postSolution
		{F2C35A74-AD96-95B0-CA62-EDF195AB2DC2}.Debug|Any CPU.ActiveCfg = Debug|Any CPU
		{F2C35A74-AD96-95B0-CA62-EDF195AB2DC2}.Debug|Any CPU.Build.0 = Debug|Any CPU
		{F2C35A74-AD96-95B0-CA62-EDF195AB2DC2}.Debug|Any CPU.Deploy.0 = Debug|Any CPU
		{F2C35A74-AD96-95B0-CA62-EDF195AB2DC2}.Release|Any CPU.ActiveCfg = Release|Any CPU
		{F2C35A74-AD96-95B0-CA62-EDF195AB2DC2}.Release|Any CPU.Build.0 = Release|Any CPU
		{F2C35A74-AD96-95B0-CA62-EDF195AB2DC2}.Release|Any CPU.Deploy.0 = Release|Any CPU
		{E55BBF9E-701D-42EF-AAB9-4C226CBD8F2A}.Debug|Any CPU.ActiveCfg = Debug|Any CPU
		{E55BBF9E-701D-42EF-AAB9-4C226CBD8F2A}.Debug|Any CPU.Build.0 = Debug|Any CPU
		{E55BBF9E-701D-42EF-AAB9-4C226CBD8F2A}.Release|Any CPU.ActiveCfg = Release|Any CPU
		{E55BBF9E-701D-42EF-AAB9-4C226CBD8F2A}.Release|Any CPU.Build.0 = Release|Any CPU
		{1A3E1F86-765E-42E5-ADC5-95F4851D1E7C}.Debug|Any CPU.ActiveCfg = Debug|Any CPU
		{1A3E1F86-765E-42E5-ADC5-95F4851D1E7C}.Debug|Any CPU.Build.0 = Debug|Any CPU
		{1A3E1F86-765E-42E5-ADC5-95F4851D1E7C}.Release|Any CPU.ActiveCfg = Release|Any CPU
		{1A3E1F86-765E-42E5-ADC5-95F4851D1E7C}.Release|Any CPU.Build.0 = Release|Any CPU
		{E3799F5F-963F-46AD-B46F-F377A7473C83}.Debug|Any CPU.ActiveCfg = Debug|Any CPU
		{E3799F5F-963F-46AD-B46F-F377A7473C83}.Debug|Any CPU.Build.0 = Debug|Any CPU
		{E3799F5F-963F-46AD-B46F-F377A7473C83}.Release|Any CPU.ActiveCfg = Release|Any CPU
		{E3799F5F-963F-46AD-B46F-F377A7473C83}.Release|Any CPU.Build.0 = Release|Any CPU
		{0E4B3A08-0FEB-49B9-9158-DC00DCF02A4A}.Debug|Any CPU.ActiveCfg = Debug|Any CPU
		{0E4B3A08-0FEB-49B9-9158-DC00DCF02A4A}.Debug|Any CPU.Build.0 = Debug|Any CPU
		{0E4B3A08-0FEB-49B9-9158-DC00DCF02A4A}.Release|Any CPU.ActiveCfg = Release|Any CPU
		{0E4B3A08-0FEB-49B9-9158-DC00DCF02A4A}.Release|Any CPU.Build.0 = Release|Any CPU
	EndGlobalSection
	GlobalSection(SolutionProperties) = preSolution
		HideSolutionNode = FALSE
	EndGlobalSection
	GlobalSection(NestedProjects) = preSolution
		{F2C35A74-AD96-95B0-CA62-EDF195AB2DC2} = {2FB2C163-490B-4ED7-A182-27164E8D2766}
		{E55BBF9E-701D-42EF-AAB9-4C226CBD8F2A} = {2FB2C163-490B-4ED7-A182-27164E8D2766}
		{1A3E1F86-765E-42E5-ADC5-95F4851D1E7C} = {2FB2C163-490B-4ED7-A182-27164E8D2766}
		{E3799F5F-963F-46AD-B46F-F377A7473C83} = {2FB2C163-490B-4ED7-A182-27164E8D2766}
		{0E4B3A08-0FEB-49B9-9158-DC00DCF02A4A} = {2FB2C163-490B-4ED7-A182-27164E8D2766}
	EndGlobalSection
	GlobalSection(ExtensibilityGlobals) = postSolution
		SolutionGuid = {8CA26C20-5634-41D4-B534-52C1D620C270}
	EndGlobalSection
EndGlobal
